
Microsoft Visual Studio Solution File, Format Version 12.00
# Visual Studio Version 17
VisualStudioVersion = 17.6.33815.320
MinimumVisualStudioVersion = 10.0.40219.1
Project("{9A19103F-16F7-4668-BE54-9A1E7A4F7556}") = "MonacoEditorTestApp", "MonacoEditorTestApp\MonacoEditorTestApp.csproj", "{F9632656-DE20-4E7D-B72A-289A3E8EF1A7}"
EndProject
Project("{9A19103F-16F7-4668-BE54-9A1E7A4F7556}") = "MonacoEditorComponent", "MonacoEditorComponent\MonacoEditorComponent.csproj", "{753CEBD9-5A45-495D-B69F-5A57218DD0A9}"
EndProject
Project("{2150E333-8FDC-42A3-9474-1A3956D46DE8}") = "TsBuild", "TsBuild", "{B614358B-ACC0-46CC-98A7-E3D9DEE5FA85}"
EndProject
Project("{9A19103F-16F7-4668-BE54-9A1E7A4F7556}") = "TSBuildWeb", "TSBuildWeb\TSBuildWeb.csproj", "{00C40656-D136-4214-9848-806395680CAC}"
EndProject
Project("{9A19103F-16F7-4668-BE54-9A1E7A4F7556}") = "MonacoEditorApp", "MonacoEditorApp\MonacoEditorApp.csproj", "{DAC99744-8ACD-4FE4-AFA6-34710C87E85E}"
EndProject
Project("{9A19103F-16F7-4668-BE54-9A1E7A4F7556}") = "MonacoEditorApp.Core", "MonacoEditorApp.Core\MonacoEditorApp.Core.csproj", "{7BCA6E0F-7713-4575-A0DC-F1D286AA6A61}"
EndProject
Global
	GlobalSection(SolutionConfigurationPlatforms) = preSolution
		Debug|Any CPU = Debug|Any CPU
		Debug|ARM64 = Debug|ARM64
		Debug|x64 = Debug|x64
		Debug|x86 = Debug|x86
		Release|Any CPU = Release|Any CPU
		Release|ARM64 = Release|ARM64
		Release|x64 = Release|x64
		Release|x86 = Release|x86
	EndGlobalSection
	GlobalSection(ProjectConfigurationPlatforms) = postSolution
		{F9632656-DE20-4E7D-B72A-289A3E8EF1A7}.Debug|Any CPU.ActiveCfg = Debug|x64
		{F9632656-DE20-4E7D-B72A-289A3E8EF1A7}.Debug|Any CPU.Build.0 = Debug|x64
		{F9632656-DE20-4E7D-B72A-289A3E8EF1A7}.Debug|Any CPU.Deploy.0 = Debug|x64
		{F9632656-DE20-4E7D-B72A-289A3E8EF1A7}.Debug|ARM64.ActiveCfg = Debug|ARM64
		{F9632656-DE20-4E7D-B72A-289A3E8EF1A7}.Debug|ARM64.Build.0 = Debug|ARM64
		{F9632656-DE20-4E7D-B72A-289A3E8EF1A7}.Debug|ARM64.Deploy.0 = Debug|ARM64
		{F9632656-DE20-4E7D-B72A-289A3E8EF1A7}.Debug|x64.ActiveCfg = Debug|x64
		{F9632656-DE20-4E7D-B72A-289A3E8EF1A7}.Debug|x64.Build.0 = Debug|x64
		{F9632656-DE20-4E7D-B72A-289A3E8EF1A7}.Debug|x64.Deploy.0 = Debug|x64
		{F9632656-DE20-4E7D-B72A-289A3E8EF1A7}.Debug|x86.ActiveCfg = Debug|x86
		{F9632656-DE20-4E7D-B72A-289A3E8EF1A7}.Debug|x86.Build.0 = Debug|x86
		{F9632656-DE20-4E7D-B72A-289A3E8EF1A7}.Debug|x86.Deploy.0 = Debug|x86
		{F9632656-DE20-4E7D-B72A-289A3E8EF1A7}.Release|Any CPU.ActiveCfg = Release|x64
		{F9632656-DE20-4E7D-B72A-289A3E8EF1A7}.Release|Any CPU.Build.0 = Release|x64
		{F9632656-DE20-4E7D-B72A-289A3E8EF1A7}.Release|Any CPU.Deploy.0 = Release|x64
		{F9632656-DE20-4E7D-B72A-289A3E8EF1A7}.Release|ARM64.ActiveCfg = Release|ARM64
		{F9632656-DE20-4E7D-B72A-289A3E8EF1A7}.Release|ARM64.Build.0 = Release|ARM64
		{F9632656-DE20-4E7D-B72A-289A3E8EF1A7}.Release|ARM64.Deploy.0 = Release|ARM64
		{F9632656-DE20-4E7D-B72A-289A3E8EF1A7}.Release|x64.ActiveCfg = Release|x64
		{F9632656-DE20-4E7D-B72A-289A3E8EF1A7}.Release|x64.Build.0 = Release|x64
		{F9632656-DE20-4E7D-B72A-289A3E8EF1A7}.Release|x64.Deploy.0 = Release|x64
		{F9632656-DE20-4E7D-B72A-289A3E8EF1A7}.Release|x86.ActiveCfg = Release|x86
		{F9632656-DE20-4E7D-B72A-289A3E8EF1A7}.Release|x86.Build.0 = Release|x86
		{F9632656-DE20-4E7D-B72A-289A3E8EF1A7}.Release|x86.Deploy.0 = Release|x86
		{753CEBD9-5A45-495D-B69F-5A57218DD0A9}.Debug|Any CPU.ActiveCfg = Debug|Any CPU
		{753CEBD9-5A45-495D-B69F-5A57218DD0A9}.Debug|Any CPU.Build.0 = Debug|Any CPU
		{753CEBD9-5A45-495D-B69F-5A57218DD0A9}.Debug|ARM64.ActiveCfg = Debug|Any CPU
		{753CEBD9-5A45-495D-B69F-5A57218DD0A9}.Debug|ARM64.Build.0 = Debug|Any CPU
		{753CEBD9-5A45-495D-B69F-5A57218DD0A9}.Debug|x64.ActiveCfg = Debug|Any CPU
		{753CEBD9-5A45-495D-B69F-5A57218DD0A9}.Debug|x64.Build.0 = Debug|Any CPU
		{753CEBD9-5A45-495D-B69F-5A57218DD0A9}.Debug|x86.ActiveCfg = Debug|Any CPU
		{753CEBD9-5A45-495D-B69F-5A57218DD0A9}.Debug|x86.Build.0 = Debug|Any CPU
		{753CEBD9-5A45-495D-B69F-5A57218DD0A9}.Release|Any CPU.ActiveCfg = Release|Any CPU
		{753CEBD9-5A45-495D-B69F-5A57218DD0A9}.Release|Any CPU.Build.0 = Release|Any CPU
		{753CEBD9-5A45-495D-B69F-5A57218DD0A9}.Release|ARM64.ActiveCfg = Release|Any CPU
		{753CEBD9-5A45-495D-B69F-5A57218DD0A9}.Release|ARM64.Build.0 = Release|Any CPU
		{753CEBD9-5A45-495D-B69F-5A57218DD0A9}.Release|x64.ActiveCfg = Release|Any CPU
		{753CEBD9-5A45-495D-B69F-5A57218DD0A9}.Release|x64.Build.0 = Release|Any CPU
		{753CEBD9-5A45-495D-B69F-5A57218DD0A9}.Release|x86.ActiveCfg = Release|Any CPU
		{753CEBD9-5A45-495D-B69F-5A57218DD0A9}.Release|x86.Build.0 = Release|Any CPU
		{00C40656-D136-4214-9848-806395680CAC}.Debug|Any CPU.ActiveCfg = Debug|Any CPU
		{00C40656-D136-4214-9848-806395680CAC}.Debug|Any CPU.Build.0 = Debug|Any CPU
		{00C40656-D136-4214-9848-806395680CAC}.Debug|ARM64.ActiveCfg = Debug|Any CPU
		{00C40656-D136-4214-9848-806395680CAC}.Debug|ARM64.Build.0 = Debug|Any CPU
		{00C40656-D136-4214-9848-806395680CAC}.Debug|x64.ActiveCfg = Debug|Any CPU
		{00C40656-D136-4214-9848-806395680CAC}.Debug|x64.Build.0 = Debug|Any CPU
		{00C40656-D136-4214-9848-806395680CAC}.Debug|x86.ActiveCfg = Debug|Any CPU
		{00C40656-D136-4214-9848-806395680CAC}.Debug|x86.Build.0 = Debug|Any CPU
		{00C40656-D136-4214-9848-806395680CAC}.Release|Any CPU.ActiveCfg = Release|Any CPU
		{00C40656-D136-4214-9848-806395680CAC}.Release|Any CPU.Build.0 = Release|Any CPU
		{00C40656-D136-4214-9848-806395680CAC}.Release|ARM64.ActiveCfg = Release|Any CPU
		{00C40656-D136-4214-9848-806395680CAC}.Release|ARM64.Build.0 = Release|Any CPU
		{00C40656-D136-4214-9848-806395680CAC}.Release|x64.ActiveCfg = Release|Any CPU
		{00C40656-D136-4214-9848-806395680CAC}.Release|x64.Build.0 = Release|Any CPU
		{00C40656-D136-4214-9848-806395680CAC}.Release|x86.ActiveCfg = Release|Any CPU
		{00C40656-D136-4214-9848-806395680CAC}.Release|x86.Build.0 = Release|Any CPU
		{DAC99744-8ACD-4FE4-AFA6-34710C87E85E}.Debug|Any CPU.ActiveCfg = Debug|x64
		{DAC99744-8ACD-4FE4-AFA6-34710C87E85E}.Debug|Any CPU.Build.0 = Debug|x64
		{DAC99744-8ACD-4FE4-AFA6-34710C87E85E}.Debug|Any CPU.Deploy.0 = Debug|x64
		{DAC99744-8ACD-4FE4-AFA6-34710C87E85E}.Debug|ARM64.ActiveCfg = Debug|arm64
		{DAC99744-8ACD-4FE4-AFA6-34710C87E85E}.Debug|ARM64.Build.0 = Debug|arm64
		{DAC99744-8ACD-4FE4-AFA6-34710C87E85E}.Debug|ARM64.Deploy.0 = Debug|arm64
		{DAC99744-8ACD-4FE4-AFA6-34710C87E85E}.Debug|x64.ActiveCfg = Debug|x64
		{DAC99744-8ACD-4FE4-AFA6-34710C87E85E}.Debug|x64.Build.0 = Debug|x64
		{DAC99744-8ACD-4FE4-AFA6-34710C87E85E}.Debug|x64.Deploy.0 = Debug|x64
		{DAC99744-8ACD-4FE4-AFA6-34710C87E85E}.Debug|x86.ActiveCfg = Debug|x86
		{DAC99744-8ACD-4FE4-AFA6-34710C87E85E}.Debug|x86.Build.0 = Debug|x86
		{DAC99744-8ACD-4FE4-AFA6-34710C87E85E}.Debug|x86.Deploy.0 = Debug|x86
		{DAC99744-8ACD-4FE4-AFA6-34710C87E85E}.Release|Any CPU.ActiveCfg = Release|x64
		{DAC99744-8ACD-4FE4-AFA6-34710C87E85E}.Release|Any CPU.Build.0 = Release|x64
		{DAC99744-8ACD-4FE4-AFA6-34710C87E85E}.Release|Any CPU.Deploy.0 = Release|x64
		{DAC99744-8ACD-4FE4-AFA6-34710C87E85E}.Release|ARM64.ActiveCfg = Release|arm64
		{DAC99744-8ACD-4FE4-AFA6-34710C87E85E}.Release|ARM64.Build.0 = Release|arm64
		{DAC99744-8ACD-4FE4-AFA6-34710C87E85E}.Release|ARM64.Deploy.0 = Release|arm64
		{DAC99744-8ACD-4FE4-AFA6-34710C87E85E}.Release|x64.ActiveCfg = Release|x64
		{DAC99744-8ACD-4FE4-AFA6-34710C87E85E}.Release|x64.Build.0 = Release|x64
		{DAC99744-8ACD-4FE4-AFA6-34710C87E85E}.Release|x64.Deploy.0 = Release|x64
		{DAC99744-8ACD-4FE4-AFA6-34710C87E85E}.Release|x86.ActiveCfg = Release|x86
		{DAC99744-8ACD-4FE4-AFA6-34710C87E85E}.Release|x86.Build.0 = Release|x86
		{DAC99744-8ACD-4FE4-AFA6-34710C87E85E}.Release|x86.Deploy.0 = Release|x86
		{7BCA6E0F-7713-4575-A0DC-F1D286AA6A61}.Debug|Any CPU.ActiveCfg = Debug|Any CPU
		{7BCA6E0F-7713-4575-A0DC-F1D286AA6A61}.Debug|Any CPU.Build.0 = Debug|Any CPU
		{7BCA6E0F-7713-4575-A0DC-F1D286AA6A61}.Debug|ARM64.ActiveCfg = Debug|arm64
		{7BCA6E0F-7713-4575-A0DC-F1D286AA6A61}.Debug|ARM64.Build.0 = Debug|arm64
		{7BCA6E0F-7713-4575-A0DC-F1D286AA6A61}.Debug|x64.ActiveCfg = Debug|x64
		{7BCA6E0F-7713-4575-A0DC-F1D286AA6A61}.Debug|x64.Build.0 = Debug|x64
		{7BCA6E0F-7713-4575-A0DC-F1D286AA6A61}.Debug|x86.ActiveCfg = Debug|x86
		{7BCA6E0F-7713-4575-A0DC-F1D286AA6A61}.Debug|x86.Build.0 = Debug|x86
		{7BCA6E0F-7713-4575-A0DC-F1D286AA6A61}.Release|Any CPU.ActiveCfg = Release|Any CPU
		{7BCA6E0F-7713-4575-A0DC-F1D286AA6A61}.Release|Any CPU.Build.0 = Release|Any CPU
		{7BCA6E0F-7713-4575-A0DC-F1D286AA6A61}.Release|ARM64.ActiveCfg = Release|arm64
		{7BCA6E0F-7713-4575-A0DC-F1D286AA6A61}.Release|ARM64.Build.0 = Release|arm64
		{7BCA6E0F-7713-4575-A0DC-F1D286AA6A61}.Release|x64.ActiveCfg = Release|x64
		{7BCA6E0F-7713-4575-A0DC-F1D286AA6A61}.Release|x64.Build.0 = Release|x64
		{7BCA6E0F-7713-4575-A0DC-F1D286AA6A61}.Release|x86.ActiveCfg = Release|x86
		{7BCA6E0F-7713-4575-A0DC-F1D286AA6A61}.Release|x86.Build.0 = Release|x86
	EndGlobalSection
	GlobalSection(SolutionProperties) = preSolution
		HideSolutionNode = FALSE
	EndGlobalSection
	GlobalSection(NestedProjects) = preSolution
		{00C40656-D136-4214-9848-806395680CAC} = {B614358B-ACC0-46CC-98A7-E3D9DEE5FA85}
	EndGlobalSection
	GlobalSection(ExtensibilityGlobals) = postSolution
		SolutionGuid = {542F4E23-EE36-49DE-8956-579E1E6DC33A}
	EndGlobalSection
EndGlobal
